
Microsoft Visual Studio Solution File, Format Version 12.00
# Visual Studio Version 16
VisualStudioVersion = 16.0.33214.272
MinimumVisualStudioVersion = 10.0.40219.1
Project("{FAE04EC0-301F-11D3-BF4B-00C04F79EFBC}") = "Portfolyo", "Portfolyo.csproj", "{C5D69770-4A31-4DE4-BD5D-6AFBAF3F9069}"
EndProject
Project("{FAE04EC0-301F-11D3-BF4B-00C04F79EFBC}") = "BusinessLayer", "..\BusinessLayer\BusinessLayer.csproj", "{9AC72B3D-2173-48AF-8091-829EB6BCC5F7}"
EndProject
Project("{FAE04EC0-301F-11D3-BF4B-00C04F79EFBC}") = "EntityLayer", "..\EntityLayer\EntityLayer.csproj", "{0C425BF0-911E-4FB7-9C60-075C992C7442}"
EndProject
Project("{FAE04EC0-301F-11D3-BF4B-00C04F79EFBC}") = "DataAccessLayer", "..\DataAccessLayer\DataAccessLayer.csproj", "{6A8498E8-D628-4DF1-B369-C1C8E6CC6BC4}"
EndProject
Global
	GlobalSection(SolutionConfigurationPlatforms) = preSolution
		Debug|Any CPU = Debug|Any CPU
		Release|Any CPU = Release|Any CPU
	EndGlobalSection
	GlobalSection(ProjectConfigurationPlatforms) = postSolution
		{C5D69770-4A31-4DE4-BD5D-6AFBAF3F9069}.Debug|Any CPU.ActiveCfg = Debug|Any CPU
		{C5D69770-4A31-4DE4-BD5D-6AFBAF3F9069}.Debug|Any CPU.Build.0 = Debug|Any CPU
		{C5D69770-4A31-4DE4-BD5D-6AFBAF3F9069}.Release|Any CPU.ActiveCfg = Release|Any CPU
		{C5D69770-4A31-4DE4-BD5D-6AFBAF3F9069}.Release|Any CPU.Build.0 = Release|Any CPU
		{9AC72B3D-2173-48AF-8091-829EB6BCC5F7}.Debug|Any CPU.ActiveCfg = Debug|Any CPU
		{9AC72B3D-2173-48AF-8091-829EB6BCC5F7}.Debug|Any CPU.Build.0 = Debug|Any CPU
		{9AC72B3D-2173-48AF-8091-829EB6BCC5F7}.Release|Any CPU.ActiveCfg = Release|Any CPU
		{9AC72B3D-2173-48AF-8091-829EB6BCC5F7}.Release|Any CPU.Build.0 = Release|Any CPU
		{0C425BF0-911E-4FB7-9C60-075C992C7442}.Debug|Any CPU.ActiveCfg = Debug|Any CPU
		{0C425BF0-911E-4FB7-9C60-075C992C7442}.Debug|Any CPU.Build.0 = Debug|Any CPU
		{0C425BF0-911E-4FB7-9C60-075C992C7442}.Release|Any CPU.ActiveCfg = Release|Any CPU
		{0C425BF0-911E-4FB7-9C60-075C992C7442}.Release|Any CPU.Build.0 = Release|Any CPU
		{6A8498E8-D628-4DF1-B369-C1C8E6CC6BC4}.Debug|Any CPU.ActiveCfg = Debug|Any CPU
		{6A8498E8-D628-4DF1-B369-C1C8E6CC6BC4}.Debug|Any CPU.Build.0 = Debug|Any CPU
		{6A8498E8-D628-4DF1-B369-C1C8E6CC6BC4}.Release|Any CPU.ActiveCfg = Release|Any CPU
		{6A8498E8-D628-4DF1-B369-C1C8E6CC6BC4}.Release|Any CPU.Build.0 = Release|Any CPU
	EndGlobalSection
	GlobalSection(SolutionProperties) = preSolution
		HideSolutionNode = FALSE
	EndGlobalSection
	GlobalSection(ExtensibilityGlobals) = postSolution
		SolutionGuid = {203141FA-C4FE-49F0-BE63-C30370978BF9}
	EndGlobalSection
EndGlobal
